
Microsoft Visual Studio Solution File, Format Version 12.00
# Visual Studio Version 17
VisualStudioVersion = 17.6.33829.357
MinimumVisualStudioVersion = 10.0.40219.1
Project("{FAE04EC0-301F-11D3-BF4B-00C04F79EFBC}") = "PersonnelDBProgram", "PersonnelDBProgram\PersonnelDBProgram.csproj", "{50F3E81F-A824-4C09-AD98-DE0ED308516D}"
EndProject
Global
	GlobalSection(SolutionConfigurationPlatforms) = preSolution
		Debug|Any CPU = Debug|Any CPU
		Release|Any CPU = Release|Any CPU
	EndGlobalSection
	GlobalSection(ProjectConfigurationPlatforms) = postSolution
		{50F3E81F-A824-4C09-AD98-DE0ED308516D}.Debug|Any CPU.ActiveCfg = Debug|Any CPU
		{50F3E81F-A824-4C09-AD98-DE0ED308516D}.Debug|Any CPU.Build.0 = Debug|Any CPU
		{50F3E81F-A824-4C09-AD98-DE0ED308516D}.Release|Any CPU.ActiveCfg = Release|Any CPU
		{50F3E81F-A824-4C09-AD98-DE0ED308516D}.Release|Any CPU.Build.0 = Release|Any CPU
	EndGlobalSection
	GlobalSection(SolutionProperties) = preSolution
		HideSolutionNode = FALSE
	EndGlobalSection
	GlobalSection(ExtensibilityGlobals) = postSolution
		SolutionGuid = {4147B501-2A8C-4A4D-BAC2-1CA798E9216D}
	EndGlobalSection
EndGlobal
